// !$*UTF8*$!
{
	archiveVersion = 1;
	classes = {
	};
	objectVersion = 50;
	objects = {

/* Begin PBXBuildFile section */
		45C985EE252E3FD400FAD104 /* AppDelegate.swift in Sources */ = {isa = PBXBuildFile; fileRef = 45C985ED252E3FD400FAD104 /* AppDelegate.swift */; };
		45C985F0252E3FD400FAD104 /* SceneDelegate.swift in Sources */ = {isa = PBXBuildFile; fileRef = 45C985EF252E3FD400FAD104 /* SceneDelegate.swift */; };
		45C985F2252E3FD400FAD104 /* ViewController.swift in Sources */ = {isa = PBXBuildFile; fileRef = 45C985F1252E3FD400FAD104 /* ViewController.swift */; };
		45C985F5252E3FD400FAD104 /* Main.storyboard in Resources */ = {isa = PBXBuildFile; fileRef = 45C985F3252E3FD400FAD104 /* Main.storyboard */; };
		45C985F7252E3FD600FAD104 /* Assets.xcassets in Resources */ = {isa = PBXBuildFile; fileRef = 45C985F6252E3FD600FAD104 /* Assets.xcassets */; };
		45C985FA252E3FD600FAD104 /* LaunchScreen.storyboard in Resources */ = {isa = PBXBuildFile; fileRef = 45C985F8252E3FD600FAD104 /* LaunchScreen.storyboard */; };
/* End PBXBuildFile section */

/* Begin PBXFileReference section */
		45C985EA252E3FD400FAD104 /* AutoLayoutFunS2.app */ = {isa = PBXFileReference; explicitFileType = wrapper.application; includeInIndex = 0; path = AutoLayoutFunS2.app; sourceTree = BUILT_PRODUCTS_DIR; };
		45C985ED252E3FD400FAD104 /* AppDelegate.swift */ = {isa = PBXFileReference; lastKnownFileType = sourcecode.swift; path = AppDelegate.swift; sourceTree = "<group>"; };
		45C985EF252E3FD400FAD104 /* SceneDelegate.swift */ = {isa = PBXFileReference; lastKnownFileType = sourcecode.swift; path = SceneDelegate.swift; sourceTree = "<group>"; };
		45C985F1252E3FD400FAD104 /* ViewController.swift */ = {isa = PBXFileReference; lastKnownFileType = sourcecode.swift; path = ViewController.swift; sourceTree = "<group>"; };
		45C985F4252E3FD400FAD104 /* Base */ = {isa = PBXFileReference; lastKnownFileType = file.storyboard; name = Base; path = Base.lproj/Main.storyboard; sourceTree = "<group>"; };
		45C985F6252E3FD600FAD104 /* Assets.xcassets */ = {isa = PBXFileReference; lastKnownFileType = folder.assetcatalog; path = Assets.xcassets; sourceTree = "<group>"; };
		45C985F9252E3FD600FAD104 /* Base */ = {isa = PBXFileReference; lastKnownFileType = file.storyboard; name = Base; path = Base.lproj/LaunchScreen.storyboard; sourceTree = "<group>"; };
		45C985FB252E3FD600FAD104 /* Info.plist */ = {isa = PBXFileReference; lastKnownFileType = text.plist.xml; path = Info.plist; sourceTree = "<group>"; };
/* End PBXFileReference section */

/* Begin PBXFrameworksBuildPhase section */
		45C985E7252E3FD400FAD104 /* Frameworks */ = {
			isa = PBXFrameworksBuildPhase;
			buildActionMask = 2147483647;
			files = (
			);
			runOnlyForDeploymentPostprocessing = 0;
		};
/* End PBXFrameworksBuildPhase section */

/* Begin PBXGroup section */
		45C985E1252E3FD400FAD104 = {
			isa = PBXGroup;
			children = (
				45C985EC252E3FD400FAD104 /* AutoLayoutFunS2 */,
				45C985EB252E3FD400FAD104 /* Products */,
			);
			sourceTree = "<group>";
		};
		45C985EB252E3FD400FAD104 /* Products */ = {
			isa = PBXGroup;
			children = (
				45C985EA252E3FD400FAD104 /* AutoLayoutFunS2.app */,
			);
			name = Products;
			sourceTree = "<group>";
		};
		45C985EC252E3FD400FAD104 /* AutoLayoutFunS2 */ = {
			isa = PBXGroup;
			children = (
				45C985ED252E3FD400FAD104 /* AppDelegate.swift */,
				45C985EF252E3FD400FAD104 /* SceneDelegate.swift */,
				45C985F1252E3FD400FAD104 /* ViewController.swift */,
				45C985F3252E3FD400FAD104 /* Main.storyboard */,
				45C985F6252E3FD600FAD104 /* Assets.xcassets */,
				45C985F8252E3FD600FAD104 /* LaunchScreen.storyboard */,
				45C985FB252E3FD600FAD104 /* Info.plist */,
			);
			path = AutoLayoutFunS2;
			sourceTree = "<group>";
		};
/* End PBXGroup section */

/* Begin PBXNativeTarget section */
		45C985E9252E3FD400FAD104 /* AutoLayoutFunS2 */ = {
			isa = PBXNativeTarget;
			buildConfigurationList = 45C985FE252E3FD600FAD104 /* Build configuration list for PBXNativeTarget "AutoLayoutFunS2" */;
			buildPhases = (
				45C985E6252E3FD400FAD104 /* Sources */,
				45C985E7252E3FD400FAD104 /* Frameworks */,
				45C985E8252E3FD400FAD104 /* Resources */,
			);
			buildRules = (
			);
			dependencies = (
			);
			name = AutoLayoutFunS2;
			productName = AutoLayoutFunS2;
			productReference = 45C985EA252E3FD400FAD104 /* AutoLayoutFunS2.app */;
			productType = "com.apple.product-type.application";
		};
/* End PBXNativeTarget section */

/* Begin PBXProject section */
		45C985E2252E3FD400FAD104 /* Project object */ = {
			isa = PBXProject;
			attributes = {
				LastSwiftUpdateCheck = 1170;
				LastUpgradeCheck = 1170;
				ORGANIZATIONNAME = "Gina Sprint";
				TargetAttributes = {
					45C985E9252E3FD400FAD104 = {
						CreatedOnToolsVersion = 11.7;
					};
				};
			};
			buildConfigurationList = 45C985E5252E3FD400FAD104 /* Build configuration list for PBXProject "AutoLayoutFunS2" */;
			compatibilityVersion = "Xcode 9.3";
			developmentRegion = en;
			hasScannedForEncodings = 0;
			knownRegions = (
				en,
				Base,
			);
			mainGroup = 45C985E1252E3FD400FAD104;
			productRefGroup = 45C985EB252E3FD400FAD104 /* Products */;
			projectDirPath = "";
			projectRoot = "";
			targets = (
				45C985E9252E3FD400FAD104 /* AutoLayoutFunS2 */,
			);
		};
/* End PBXProject section */

/* Begin PBXResourcesBuildPhase section */
		45C985E8252E3FD400FAD104 /* Resources */ = {
			isa = PBXResourcesBuildPhase;
			buildActionMask = 2147483647;
			files = (
				45C985FA252E3FD600FAD104 /* LaunchScreen.storyboard in Resources */,
				45C985F7252E3FD600FAD104 /* Assets.xcassets in Resources */,
				45C985F5252E3FD400FAD104 /* Main.storyboard in Resources */,
			);
			runOnlyForDeploymentPostprocessing = 0;
		};
/* End PBXResourcesBuildPhase section */

/* Begin PBXSourcesBuildPhase section */
		45C985E6252E3FD400FAD104 /* Sources */ = {
			isa = PBXSourcesBuildPhase;
			buildActionMask = 2147483647;
			files = (
				45C985F2252E3FD400FAD104 /* ViewController.swift in Sources */,
				45C985EE252E3FD400FAD104 /* AppDelegate.swift in Sources */,
				45C985F0252E3FD400FAD104 /* SceneDelegate.swift in Sources */,
			);
			runOnlyForDeploymentPostprocessing = 0;
		};
/* End PBXSourcesBuildPhase section */

/* Begin PBXVariantGroup section */
		45C985F3252E3FD400FAD104 /* Main.storyboard */ = {
			isa = PBXVariantGroup;
			children = (
				45C985F4252E3FD400FAD104 /* Base */,
			);
			name = Main.storyboard;
			sourceTree = "<group>";
		};
		45C985F8252E3FD600FAD104 /* LaunchScreen.storyboard */ = {
			isa = PBXVariantGroup;
			children = (
				45C985F9252E3FD600FAD104 /* Base */,
			);
			name = LaunchScreen.storyboard;
			sourceTree = "<group>";
		};
/* End PBXVariantGroup section */

/* Begin XCBuildConfiguration section */
		45C985FC252E3FD600FAD104 /* Debug */ = {
			isa = XCBuildConfiguration;
			buildSettings = {
				ALWAYS_SEARCH_USER_PATHS = NO;
				CLANG_ANALYZER_NONNULL = YES;
				CLANG_ANALYZER_NUMBER_OBJECT_CONVERSION = YES_AGGRESSIVE;
				CLANG_CXX_LANGUAGE_STANDARD = "gnu++14";
				CLANG_CXX_LIBRARY = "libc++";
				CLANG_ENABLE_MODULES = YES;
				CLANG_ENABLE_OBJC_ARC = YES;
				CLANG_ENABLE_OBJC_WEAK = YES;
				CLANG_WARN_BLOCK_CAPTURE_AUTORELEASING = YES;
				CLANG_WARN_BOOL_CONVERSION = YES;
				CLANG_WARN_COMMA = YES;
				CLANG_WARN_CONSTANT_CONVERSION = YES;
				CLANG_WARN_DEPRECATED_OBJC_IMPLEMENTATIONS = YES;
				CLANG_WARN_DIRECT_OBJC_ISA_USAGE = YES_ERROR;
				CLANG_WARN_DOCUMENTATION_COMMENTS = YES;
				CLANG_WARN_EMPTY_BODY = YES;
				CLANG_WARN_ENUM_CONVERSION = YES;
				CLANG_WARN_INFINITE_RECURSION = YES;
				CLANG_WARN_INT_CONVERSION = YES;
				CLANG_WARN_NON_LITERAL_NULL_CONVERSION = YES;
				CLANG_WARN_OBJC_IMPLICIT_RETAIN_SELF = YES;
				CLANG_WARN_OBJC_LITERAL_CONVERSION = YES;
				CLANG_WARN_OBJC_ROOT_CLASS = YES_ERROR;
				CLANG_WARN_RANGE_LOOP_ANALYSIS = YES;
				CLANG_WARN_STRICT_PROTOTYPES = YES;
				CLANG_WARN_SUSPICIOUS_MOVE = YES;
				CLANG_WARN_UNGUARDED_AVAILABILITY = YES_AGGRESSIVE;
				CLANG_WARN_UNREACHABLE_CODE = YES;
				CLANG_WARN__DUPLICATE_METHOD_MATCH = YES;
				COPY_PHASE_STRIP = NO;
				DEBUG_INFORMATION_FORMAT = dwarf;
				ENABLE_STRICT_OBJC_MSGSEND = YES;
				ENABLE_TESTABILITY = YES;
				GCC_C_LANGUAGE_STANDARD = gnu11;
				GCC_DYNAMIC_NO_PIC = NO;
				GCC_NO_COMMON_BLOCKS = YES;
				GCC_OPTIMIZATION_LEVEL = 0;
				GCC_PREPROCESSOR_DEFINITIONS = (
					"DEBUG=1",
					"$(inherited)",
				);
				GCC_WARN_64_TO_32_BIT_CONVERSION = YES;
				GCC_WARN_ABOUT_RETURN_TYPE = YES_ERROR;
				GCC_WARN_UNDECLARED_SELECTOR = YES;
				GCC_WARN_UNINITIALIZED_AUTOS = YES_AGGRESSIVE;
				GCC_WARN_UNUSED_FUNCTION = YES;
				GCC_WARN_UNUSED_VARIABLE = YES;
				IPHONEOS_DEPLOYMENT_TARGET = 13.7;
				MTL_ENABLE_DEBUG_INFO = INCLUDE_SOURCE;
				MTL_FAST_MATH = YES;
				ONLY_ACTIVE_ARCH = YES;
				SDKROOT = iphoneos;
				SWIFT_ACTIVE_COMPILATION_CONDITIONS = DEBUG;
				SWIFT_OPTIMIZATION_LEVEL = "-Onone";
			};
			name = Debug;
		};
		45C985FD252E3FD600FAD104 /* Release */ = {
			isa = XCBuildConfiguration;
			buildSettings = {
				ALWAYS_SEARCH_USER_PATHS = NO;
				CLANG_ANALYZER_NONNULL = YES;
				CLANG_ANALYZER_NUMBER_OBJECT_CONVERSION = YES_AGGRESSIVE;
				CLANG_CXX_LANGUAGE_STANDARD = "gnu++14";
				CLANG_CXX_LIBRARY = "libc++";
				CLANG_ENABLE_MODULES = YES;
				CLANG_ENABLE_OBJC_ARC = YES;
				CLANG_ENABLE_OBJC_WEAK = YES;
				CLANG_WARN_BLOCK_CAPTURE_AUTORELEASING = YES;
				CLANG_WARN_BOOL_CONVERSION = YES;
				CLANG_WARN_COMMA = YES;
				CLANG_WARN_CONSTANT_CONVERSION = YES;
				CLANG_WARN_DEPRECATED_OBJC_IMPLEMENTATIONS = YES;
				CLANG_WARN_DIRECT_OBJC_ISA_USAGE = YES_ERROR;
				CLANG_WARN_DOCUMENTATION_COMMENTS = YES;
				CLANG_WARN_EMPTY_BODY = YES;
				CLANG_WARN_ENUM_CONVERSION = YES;
				CLANG_WARN_INFINITE_RECURSION = YES;
				CLANG_WARN_INT_CONVERSION = YES;
				CLANG_WARN_NON_LITERAL_NULL_CONVERSION = YES;
				CLANG_WARN_OBJC_IMPLICIT_RETAIN_SELF = YES;
				CLANG_WARN_OBJC_LITERAL_CONVERSION = YES;
				CLANG_WARN_OBJC_ROOT_CLASS = YES_ERROR;
				CLANG_WARN_RANGE_LOOP_ANALYSIS = YES;
				CLANG_WARN_STRICT_PROTOTYPES = YES;
				CLANG_WARN_SUSPICIOUS_MOVE = YES;
				CLANG_WARN_UNGUARDED_AVAILABILITY = YES_AGGRESSIVE;
				CLANG_WARN_UNREACHABLE_CODE = YES;
				CLANG_WARN__DUPLICATE_METHOD_MATCH = YES;
				COPY_PHASE_STRIP = NO;
				DEBUG_INFORMATION_FORMAT = "dwarf-with-dsym";
				ENABLE_NS_ASSERTIONS = NO;
				ENABLE_STRICT_OBJC_MSGSEND = YES;
				GCC_C_LANGUAGE_STANDARD = gnu11;
				GCC_NO_COMMON_BLOCKS = YES;
				GCC_WARN_64_TO_32_BIT_CONVERSION = YES;
				GCC_WARN_ABOUT_RETURN_TYPE = YES_ERROR;
				GCC_WARN_UNDECLARED_SELECTOR = YES;
				GCC_WARN_UNINITIALIZED_AUTOS = YES_AGGRESSIVE;
				GCC_WARN_UNUSED_FUNCTION = YES;
				GCC_WARN_UNUSED_VARIABLE = YES;
				IPHONEOS_DEPLOYMENT_TARGET = 13.7;
				MTL_ENABLE_DEBUG_INFO = NO;
				MTL_FAST_MATH = YES;
				SDKROOT = iphoneos;
				SWIFT_COMPILATION_MODE = wholemodule;
				SWIFT_OPTIMIZATION_LEVEL = "-O";
				VALIDATE_PRODUCT = YES;
			};
			name = Release;
		};
		45C985FF252E3FD600FAD104 /* Debug */ = {
			isa = XCBuildConfiguration;
			buildSettings = {
				ASSETCATALOG_COMPILER_APPICON_NAME = AppIcon;
				CODE_SIGN_STYLE = Automatic;
				DEVELOPMENT_TEAM = GUYPJD4NUE;
				INFOPLIST_FILE = AutoLayoutFunS2/Info.plist;
				LD_RUNPATH_SEARCH_PATHS = (
					"$(inherited)",
					"@executable_path/Frameworks",
				);
				PRODUCT_BUNDLE_IDENTIFIER = com.sprint.gina.AutoLayoutFunS2;
				PRODUCT_NAME = "$(TARGET_NAME)";
				SWIFT_VERSION = 5.0;
				TARGETED_DEVICE_FAMILY = "1,2";
			};
			name = Debug;
		};
		45C98600252E3FD600FAD104 /* Release */ = {
			isa = XCBuildConfiguration;
			buildSettings = {
				ASSETCATALOG_COMPILER_APPICON_NAME = AppIcon;
				CODE_SIGN_STYLE = Automatic;
				DEVELOPMENT_TEAM = GUYPJD4NUE;
				INFOPLIST_FILE = AutoLayoutFunS2/Info.plist;
				LD_RUNPATH_SEARCH_PATHS = (
					"$(inherited)",
					"@executable_path/Frameworks",
				);
				PRODUCT_BUNDLE_IDENTIFIER = com.sprint.gina.AutoLayoutFunS2;
				PRODUCT_NAME = "$(TARGET_NAME)";
				SWIFT_VERSION = 5.0;
				TARGETED_DEVICE_FAMILY = "1,2";
			};
			name = Release;
		};
/* End XCBuildConfiguration section */

/* Begin XCConfigurationList section */
		45C985E5252E3FD400FAD104 /* Build configuration list for PBXProject "AutoLayoutFunS2" */ = {
			isa = XCConfigurationList;
			buildConfigurations = (
				45C985FC252E3FD600FAD104 /* Debug */,
				45C985FD252E3FD600FAD104 /* Release */,
			);
			defaultConfigurationIsVisible = 0;
			defaultConfigurationName = Release;
		};
		45C985FE252E3FD600FAD104 /* Build configuration list for PBXNativeTarget "AutoLayoutFunS2" */ = {
			isa = XCConfigurationList;
			buildConfigurations = (
				45C985FF252E3FD600FAD104 /* Debug */,
				45C98600252E3FD600FAD104 /* Release */,
			);
			defaultConfigurationIsVisible = 0;
			defaultConfigurationName = Release;
		};
/* End XCConfigurationList section */
	};
	rootObject = 45C985E2252E3FD400FAD104 /* Project object */;
}
